
Microsoft Visual Studio Solution File, Format Version 12.00
# Visual Studio Version 17
VisualStudioVersion = 17.2.32526.322
MinimumVisualStudioVersion = 10.0.40219.1
Project("{FAE04EC0-301F-11D3-BF4B-00C04F79EFBC}") = "NoteShadows", "NoteShadows\NoteShadows.csproj", "{A0325270-D38B-4991-B30B-A713C0C0BAA6}"
EndProject
Global
	GlobalSection(SolutionConfigurationPlatforms) = preSolution
		Debug|Any CPU = Debug|Any CPU
		Release|Any CPU = Release|Any CPU
	EndGlobalSection
	GlobalSection(ProjectConfigurationPlatforms) = postSolution
		{A0325270-D38B-4991-B30B-A713C0C0BAA6}.Debug|Any CPU.ActiveCfg = Debug|Any CPU
		{A0325270-D38B-4991-B30B-A713C0C0BAA6}.Debug|Any CPU.Build.0 = Debug|Any CPU
		{A0325270-D38B-4991-B30B-A713C0C0BAA6}.Release|Any CPU.ActiveCfg = Release|Any CPU
		{A0325270-D38B-4991-B30B-A713C0C0BAA6}.Release|Any CPU.Build.0 = Release|Any CPU
	EndGlobalSection
	GlobalSection(SolutionProperties) = preSolution
		HideSolutionNode = FALSE
	EndGlobalSection
	GlobalSection(ExtensibilityGlobals) = postSolution
		SolutionGuid = {57B94609-F86D-49E0-BBA8-0FF978B71875}
	EndGlobalSection
EndGlobal
